Microsoft Visual Studio Solution File, Format Version 12.00
# Visual Studio Version 17
VisualStudioVersion = 17.5.2.0
MinimumVisualStudioVersion = 10.0.40219.1
Project("{FAE04EC0-301F-11D3-BF4B-00C04F79EFBC}") = "GitClock.Api", "GitClock.Api\GitClock.Api.csproj", "{80DF823A-A6E1-EE34-12DC-72C81AA3AB47}"
EndProject
Project("{FAE04EC0-301F-11D3-BF4B-00C04F79EFBC}") = "GitClock.Application", "GitClock.Application\GitClock.Application.csproj", "{2D4116B7-1CE1-51E7-C543-FC278B5881FA}"
EndProject
Project("{FAE04EC0-301F-11D3-BF4B-00C04F79EFBC}") = "GitClock.Common", "GitClock.Common\GitClock.Common.csproj", "{DFA681F0-D938-FFD6-BD4F-D8AE03F881C8}"
EndProject
Project("{FAE04EC0-301F-11D3-BF4B-00C04F79EFBC}") = "GitClock.Domain", "GitClock.Domain\GitClock.Domain.csproj", "{D3A8681C-D132-FB48-9620-F8674935BC24}"
EndProject
Project("{FAE04EC0-301F-11D3-BF4B-00C04F79EFBC}") = "GitClock.Infra", "GitClock.Infra\GitClock.Infra.csproj", "{D4B3A00B-5011-021A-46CC-93AE643E976B}"
EndProject
Global
	GlobalSection(SolutionConfigurationPlatforms) = preSolution
		Debug|Any CPU = Debug|Any CPU
		Release|Any CPU = Release|Any CPU
	EndGlobalSection
	GlobalSection(ProjectConfigurationPlatforms) = postSolution
		{80DF823A-A6E1-EE34-12DC-72C81AA3AB47}.Debug|Any CPU.ActiveCfg = Debug|Any CPU
		{80DF823A-A6E1-EE34-12DC-72C81AA3AB47}.Debug|Any CPU.Build.0 = Debug|Any CPU
		{80DF823A-A6E1-EE34-12DC-72C81AA3AB47}.Release|Any CPU.ActiveCfg = Release|Any CPU
		{80DF823A-A6E1-EE34-12DC-72C81AA3AB47}.Release|Any CPU.Build.0 = Release|Any CPU
		{2D4116B7-1CE1-51E7-C543-FC278B5881FA}.Debug|Any CPU.ActiveCfg = Debug|Any CPU
		{2D4116B7-1CE1-51E7-C543-FC278B5881FA}.Debug|Any CPU.Build.0 = Debug|Any CPU
		{2D4116B7-1CE1-51E7-C543-FC278B5881FA}.Release|Any CPU.ActiveCfg = Release|Any CPU
		{2D4116B7-1CE1-51E7-C543-FC278B5881FA}.Release|Any CPU.Build.0 = Release|Any CPU
		{DFA681F0-D938-FFD6-BD4F-D8AE03F881C8}.Debug|Any CPU.ActiveCfg = Debug|Any CPU
		{DFA681F0-D938-FFD6-BD4F-D8AE03F881C8}.Debug|Any CPU.Build.0 = Debug|Any CPU
		{DFA681F0-D938-FFD6-BD4F-D8AE03F881C8}.Release|Any CPU.ActiveCfg = Release|Any CPU
		{DFA681F0-D938-FFD6-BD4F-D8AE03F881C8}.Release|Any CPU.Build.0 = Release|Any CPU
		{D3A8681C-D132-FB48-9620-F8674935BC24}.Debug|Any CPU.ActiveCfg = Debug|Any CPU
		{D3A8681C-D132-FB48-9620-F8674935BC24}.Debug|Any CPU.Build.0 = Debug|Any CPU
		{D3A8681C-D132-FB48-9620-F8674935BC24}.Release|Any CPU.ActiveCfg = Release|Any CPU
		{D3A8681C-D132-FB48-9620-F8674935BC24}.Release|Any CPU.Build.0 = Release|Any CPU
		{D4B3A00B-5011-021A-46CC-93AE643E976B}.Debug|Any CPU.ActiveCfg = Debug|Any CPU
		{D4B3A00B-5011-021A-46CC-93AE643E976B}.Debug|Any CPU.Build.0 = Debug|Any CPU
		{D4B3A00B-5011-021A-46CC-93AE643E976B}.Release|Any CPU.ActiveCfg = Release|Any CPU
		{D4B3A00B-5011-021A-46CC-93AE643E976B}.Release|Any CPU.Build.0 = Release|Any CPU
	EndGlobalSection
	GlobalSection(SolutionProperties) = preSolution
		HideSolutionNode = FALSE
	EndGlobalSection
	GlobalSection(ExtensibilityGlobals) = postSolution
		SolutionGuid = {053138D6-1206-4768-B4B9-C5BB59317E69}
	EndGlobalSection
EndGlobal
